// !$*UTF8*$!
{
	archiveVersion = 1;
	classes = {
	};
	objectVersion = 77;
	objects = {

/* Begin PBXBuildFile section */
		0275E167F165A113542A358B /* ExportService.swift in Sources */ = {isa = PBXBuildFile; fileRef = CAF12635F0425AB160DE5CB8 /* ExportService.swift */; };
		09B393130EC8DD2C9650AA61 /* FilmLookProfile.swift in Sources */ = {isa = PBXBuildFile; fileRef = 62632B8E872F1139569263AB /* FilmLookProfile.swift */; };
		0B9CCC38F441BBE76D2EC3E4 /* LUTLoader.swift in Sources */ = {isa = PBXBuildFile; fileRef = 8075A33766750ED0E67A965C /* LUTLoader.swift */; };
		14BBF4C85E33793F8B1A6143 /* HaldCLUTLoader.swift in Sources */ = {isa = PBXBuildFile; fileRef = BA167E9CF00F290D550437D2 /* HaldCLUTLoader.swift */; };
		303BD405C19AB188BC411AB8 /* LensImperfectionFilter.swift in Sources */ = {isa = PBXBuildFile; fileRef = 7D2F65721CD0BD241976EE4D /* LensImperfectionFilter.swift */; };
		30F6DE095AF3797DF056E4A5 /* SceneAnalyzer.swift in Sources */ = {isa = PBXBuildFile; fileRef = B7FFD1A6D43B7BC5335BB979 /* SceneAnalyzer.swift */; };
		408FD6435841BEF813051858 /* GrainFilter.swift in Sources */ = {isa = PBXBuildFile; fileRef = 1DDC2816097CE9E9B368254F /* GrainFilter.swift */; };
		68F9380039BC72E75A3AEE9D /* PresetStripView.swift in Sources */ = {isa = PBXBuildFile; fileRef = EF671B15AB75B8E8E6765B72 /* PresetStripView.swift */; };
		6DB002BFB24131CCB7907F32 /* HalationFilter.swift in Sources */ = {isa = PBXBuildFile; fileRef = 363C3762BFC99A2CD304A3E5 /* HalationFilter.swift */; };
		80AC2DBE714B72B0C90E574F /* ImageImportService.swift in Sources */ = {isa = PBXBuildFile; fileRef = FF7BEA468FD796DB72A30777 /* ImageImportService.swift */; };
		84BF0B059613E8EDF4094298 /* FilmPipeline.swift in Sources */ = {isa = PBXBuildFile; fileRef = 206E95820878F7D6ED685756 /* FilmPipeline.swift */; };
		9AB291342C40971BFE785712 /* FilmForgeApp.swift in Sources */ = {isa = PBXBuildFile; fileRef = D0E721E6E6C45C56A684EEAC /* FilmForgeApp.swift */; };
		9E28FD267110069D8F92B73E /* ProfileCatalog.swift in Sources */ = {isa = PBXBuildFile; fileRef = 48AA87CE059ADFE1D32F5319 /* ProfileCatalog.swift */; };
		A325776F06A975E035086657 /* ContentView.swift in Sources */ = {isa = PBXBuildFile; fileRef = DD191A141E8FDE911B6412B1 /* ContentView.swift */; };
		ADD8218290D78F2235A270D2 /* ReferenceAnalyzer.swift in Sources */ = {isa = PBXBuildFile; fileRef = 023D543C8467B5468A8F6EE8 /* ReferenceAnalyzer.swift */; };
		AE96B2C265E2331F408CD380 /* BloomFilter.swift in Sources */ = {isa = PBXBuildFile; fileRef = C0F6FE6E4DE5120F8C34EAE3 /* BloomFilter.swift */; };
		B4A9565A5B7EE8AB65B4A826 /* ToneCurveFilter.swift in Sources */ = {isa = PBXBuildFile; fileRef = BAA7CB1E2838508A2AE87066 /* ToneCurveFilter.swift */; };
		C6FDD010129AAB0D9683B637 /* CubeLUTParser.swift in Sources */ = {isa = PBXBuildFile; fileRef = 8F21E1BF46B698E803B63C69 /* CubeLUTParser.swift */; };
		D0D17EC85793714360B2C2E5 /* PreviewRenderer.swift in Sources */ = {isa = PBXBuildFile; fileRef = 33B4C5507265709E440D21D8 /* PreviewRenderer.swift */; };
		E7FAD9BB1536CA2E75D6346D /* DigitalTamingFilter.swift in Sources */ = {isa = PBXBuildFile; fileRef = E78147ED5C40C3F181605325 /* DigitalTamingFilter.swift */; };
		F23073C42393324AF4BDBE93 /* AdvancedControlsView.swift in Sources */ = {isa = PBXBuildFile; fileRef = 7AAC1FE56490EC255DBEAB13 /* AdvancedControlsView.swift */; };
		F7B05C7DEC5A760B9E7BA8B4 /* EditorViewModel.swift in Sources */ = {isa = PBXBuildFile; fileRef = 40624C577D525E77FF0DA35D /* EditorViewModel.swift */; };
/* End PBXBuildFile section */

/* Begin PBXFileReference section */
		023D543C8467B5468A8F6EE8 /* ReferenceAnalyzer.swift */ = {isa = PBXFileReference; lastKnownFileType = sourcecode.swift; path = ReferenceAnalyzer.swift; sourceTree = "<group>"; };
		1DDC2816097CE9E9B368254F /* GrainFilter.swift */ = {isa = PBXFileReference; lastKnownFileType = sourcecode.swift; path = GrainFilter.swift; sourceTree = "<group>"; };
		206E95820878F7D6ED685756 /* FilmPipeline.swift */ = {isa = PBXFileReference; lastKnownFileType = sourcecode.swift; path = FilmPipeline.swift; sourceTree = "<group>"; };
		33B4C5507265709E440D21D8 /* PreviewRenderer.swift */ = {isa = PBXFileReference; lastKnownFileType = sourcecode.swift; path = PreviewRenderer.swift; sourceTree = "<group>"; };
		363C3762BFC99A2CD304A3E5 /* HalationFilter.swift */ = {isa = PBXFileReference; lastKnownFileType = sourcecode.swift; path = HalationFilter.swift; sourceTree = "<group>"; };
		40624C577D525E77FF0DA35D /* EditorViewModel.swift */ = {isa = PBXFileReference; lastKnownFileType = sourcecode.swift; path = EditorViewModel.swift; sourceTree = "<group>"; };
		48AA87CE059ADFE1D32F5319 /* ProfileCatalog.swift */ = {isa = PBXFileReference; lastKnownFileType = sourcecode.swift; path = ProfileCatalog.swift; sourceTree = "<group>"; };
		62632B8E872F1139569263AB /* FilmLookProfile.swift */ = {isa = PBXFileReference; lastKnownFileType = sourcecode.swift; path = FilmLookProfile.swift; sourceTree = "<group>"; };
		7AAC1FE56490EC255DBEAB13 /* AdvancedControlsView.swift */ = {isa = PBXFileReference; lastKnownFileType = sourcecode.swift; path = AdvancedControlsView.swift; sourceTree = "<group>"; };
		7D2F65721CD0BD241976EE4D /* LensImperfectionFilter.swift */ = {isa = PBXFileReference; lastKnownFileType = sourcecode.swift; path = LensImperfectionFilter.swift; sourceTree = "<group>"; };
		8075A33766750ED0E67A965C /* LUTLoader.swift */ = {isa = PBXFileReference; lastKnownFileType = sourcecode.swift; path = LUTLoader.swift; sourceTree = "<group>"; };
		8F21E1BF46B698E803B63C69 /* CubeLUTParser.swift */ = {isa = PBXFileReference; lastKnownFileType = sourcecode.swift; path = CubeLUTParser.swift; sourceTree = "<group>"; };
		B7FFD1A6D43B7BC5335BB979 /* SceneAnalyzer.swift */ = {isa = PBXFileReference; lastKnownFileType = sourcecode.swift; path = SceneAnalyzer.swift; sourceTree = "<group>"; };
		BA167E9CF00F290D550437D2 /* HaldCLUTLoader.swift */ = {isa = PBXFileReference; lastKnownFileType = sourcecode.swift; path = HaldCLUTLoader.swift; sourceTree = "<group>"; };
		BAA7CB1E2838508A2AE87066 /* ToneCurveFilter.swift */ = {isa = PBXFileReference; lastKnownFileType = sourcecode.swift; path = ToneCurveFilter.swift; sourceTree = "<group>"; };
		C0F6FE6E4DE5120F8C34EAE3 /* BloomFilter.swift */ = {isa = PBXFileReference; lastKnownFileType = sourcecode.swift; path = BloomFilter.swift; sourceTree = "<group>"; };
		C6FD3A74E75DCE2A6C5F09BC /* FilmForge.app */ = {isa = PBXFileReference; explicitFileType = wrapper.application; includeInIndex = 0; path = FilmForge.app; sourceTree = BUILT_PRODUCTS_DIR; };
		CAF12635F0425AB160DE5CB8 /* ExportService.swift */ = {isa = PBXFileReference; lastKnownFileType = sourcecode.swift; path = ExportService.swift; sourceTree = "<group>"; };
		D0E721E6E6C45C56A684EEAC /* FilmForgeApp.swift */ = {isa = PBXFileReference; lastKnownFileType = sourcecode.swift; path = FilmForgeApp.swift; sourceTree = "<group>"; };
		DD191A141E8FDE911B6412B1 /* ContentView.swift */ = {isa = PBXFileReference; lastKnownFileType = sourcecode.swift; path = ContentView.swift; sourceTree = "<group>"; };
		E78147ED5C40C3F181605325 /* DigitalTamingFilter.swift */ = {isa = PBXFileReference; lastKnownFileType = sourcecode.swift; path = DigitalTamingFilter.swift; sourceTree = "<group>"; };
		EF671B15AB75B8E8E6765B72 /* PresetStripView.swift */ = {isa = PBXFileReference; lastKnownFileType = sourcecode.swift; path = PresetStripView.swift; sourceTree = "<group>"; };
		FF7BEA468FD796DB72A30777 /* ImageImportService.swift */ = {isa = PBXFileReference; lastKnownFileType = sourcecode.swift; path = ImageImportService.swift; sourceTree = "<group>"; };
/* End PBXFileReference section */

/* Begin PBXGroup section */
		085CD7907E443BFD234571EC = {
			isa = PBXGroup;
			children = (
				14BCE9582606435F46364F90 /* FilmForge */,
				7BA1DBCF6EBCCF3198779D4D /* Products */,
			);
			sourceTree = "<group>";
		};
		14BCE9582606435F46364F90 /* FilmForge */ = {
			isa = PBXGroup;
			children = (
				639B2A8420007FDBD8211387 /* App */,
				C93305DA5547AD28E11E7AC7 /* Models */,
				4E9E029726BD07C7E56A6350 /* Pipeline */,
				9F63ECA3635FCA81DF17548C /* Profiles */,
				B4F20D28C666298D4F9F69EF /* Services */,
				D92A935E578EB76636477B75 /* Tools */,
				44E4863DD4509C479745CAE8 /* UI */,
			);
			name = FilmForge;
			path = Sources/FilmForge;
			sourceTree = "<group>";
		};
		44E4863DD4509C479745CAE8 /* UI */ = {
			isa = PBXGroup;
			children = (
				7AAC1FE56490EC255DBEAB13 /* AdvancedControlsView.swift */,
				DD191A141E8FDE911B6412B1 /* ContentView.swift */,
				EF671B15AB75B8E8E6765B72 /* PresetStripView.swift */,
			);
			path = UI;
			sourceTree = "<group>";
		};
		4E9E029726BD07C7E56A6350 /* Pipeline */ = {
			isa = PBXGroup;
			children = (
				C0F6FE6E4DE5120F8C34EAE3 /* BloomFilter.swift */,
				8F21E1BF46B698E803B63C69 /* CubeLUTParser.swift */,
				E78147ED5C40C3F181605325 /* DigitalTamingFilter.swift */,
				206E95820878F7D6ED685756 /* FilmPipeline.swift */,
				1DDC2816097CE9E9B368254F /* GrainFilter.swift */,
				363C3762BFC99A2CD304A3E5 /* HalationFilter.swift */,
				BA167E9CF00F290D550437D2 /* HaldCLUTLoader.swift */,
				7D2F65721CD0BD241976EE4D /* LensImperfectionFilter.swift */,
				8075A33766750ED0E67A965C /* LUTLoader.swift */,
				B7FFD1A6D43B7BC5335BB979 /* SceneAnalyzer.swift */,
				BAA7CB1E2838508A2AE87066 /* ToneCurveFilter.swift */,
			);
			path = Pipeline;
			sourceTree = "<group>";
		};
		639B2A8420007FDBD8211387 /* App */ = {
			isa = PBXGroup;
			children = (
				D0E721E6E6C45C56A684EEAC /* FilmForgeApp.swift */,
			);
			path = App;
			sourceTree = "<group>";
		};
		7BA1DBCF6EBCCF3198779D4D /* Products */ = {
			isa = PBXGroup;
			children = (
				C6FD3A74E75DCE2A6C5F09BC /* FilmForge.app */,
			);
			name = Products;
			sourceTree = "<group>";
		};
		9F63ECA3635FCA81DF17548C /* Profiles */ = {
			isa = PBXGroup;
			children = (
				48AA87CE059ADFE1D32F5319 /* ProfileCatalog.swift */,
			);
			path = Profiles;
			sourceTree = "<group>";
		};
		B4F20D28C666298D4F9F69EF /* Services */ = {
			isa = PBXGroup;
			children = (
				40624C577D525E77FF0DA35D /* EditorViewModel.swift */,
				CAF12635F0425AB160DE5CB8 /* ExportService.swift */,
				FF7BEA468FD796DB72A30777 /* ImageImportService.swift */,
				33B4C5507265709E440D21D8 /* PreviewRenderer.swift */,
			);
			path = Services;
			sourceTree = "<group>";
		};
		C93305DA5547AD28E11E7AC7 /* Models */ = {
			isa = PBXGroup;
			children = (
				62632B8E872F1139569263AB /* FilmLookProfile.swift */,
			);
			path = Models;
			sourceTree = "<group>";
		};
		D92A935E578EB76636477B75 /* Tools */ = {
			isa = PBXGroup;
			children = (
				023D543C8467B5468A8F6EE8 /* ReferenceAnalyzer.swift */,
			);
			path = Tools;
			sourceTree = "<group>";
		};
/* End PBXGroup section */

/* Begin PBXNativeTarget section */
		001CF775D9807BF1DDD50E2A /* FilmForge */ = {
			isa = PBXNativeTarget;
			buildConfigurationList = 7FF9790EA952AA77C92D9FB5 /* Build configuration list for PBXNativeTarget "FilmForge" */;
			buildPhases = (
				5E06FE869DB6E436DA8A250C /* Sources */,
			);
			buildRules = (
			);
			dependencies = (
			);
			name = FilmForge;
			packageProductDependencies = (
			);
			productName = FilmForge;
			productReference = C6FD3A74E75DCE2A6C5F09BC /* FilmForge.app */;
			productType = "com.apple.product-type.application";
		};
/* End PBXNativeTarget section */

/* Begin PBXProject section */
		B1C5E3C63F8492CB32B1703D /* Project object */ = {
			isa = PBXProject;
			attributes = {
				BuildIndependentTargetsInParallel = YES;
				LastUpgradeCheck = 1430;
				TargetAttributes = {
					001CF775D9807BF1DDD50E2A = {
						DevelopmentTeam = H9GD4A7SQF;
						ProvisioningStyle = Automatic;
					};
				};
			};
			buildConfigurationList = FB65595868A2ECF5F27053C8 /* Build configuration list for PBXProject "FilmForge" */;
			developmentRegion = en;
			hasScannedForEncodings = 0;
			knownRegions = (
				Base,
				en,
			);
			mainGroup = 085CD7907E443BFD234571EC;
			minimizedProjectReferenceProxies = 1;
			preferredProjectObjectVersion = 77;
			productRefGroup = 7BA1DBCF6EBCCF3198779D4D /* Products */;
			projectDirPath = "";
			projectRoot = "";
			targets = (
				001CF775D9807BF1DDD50E2A /* FilmForge */,
			);
		};
/* End PBXProject section */

/* Begin PBXSourcesBuildPhase section */
		5E06FE869DB6E436DA8A250C /* Sources */ = {
			isa = PBXSourcesBuildPhase;
			buildActionMask = 2147483647;
			files = (
				F23073C42393324AF4BDBE93 /* AdvancedControlsView.swift in Sources */,
				AE96B2C265E2331F408CD380 /* BloomFilter.swift in Sources */,
				A325776F06A975E035086657 /* ContentView.swift in Sources */,
				C6FDD010129AAB0D9683B637 /* CubeLUTParser.swift in Sources */,
				E7FAD9BB1536CA2E75D6346D /* DigitalTamingFilter.swift in Sources */,
				F7B05C7DEC5A760B9E7BA8B4 /* EditorViewModel.swift in Sources */,
				0275E167F165A113542A358B /* ExportService.swift in Sources */,
				9AB291342C40971BFE785712 /* FilmForgeApp.swift in Sources */,
				09B393130EC8DD2C9650AA61 /* FilmLookProfile.swift in Sources */,
				84BF0B059613E8EDF4094298 /* FilmPipeline.swift in Sources */,
				408FD6435841BEF813051858 /* GrainFilter.swift in Sources */,
				6DB002BFB24131CCB7907F32 /* HalationFilter.swift in Sources */,
				14BBF4C85E33793F8B1A6143 /* HaldCLUTLoader.swift in Sources */,
				80AC2DBE714B72B0C90E574F /* ImageImportService.swift in Sources */,
				0B9CCC38F441BBE76D2EC3E4 /* LUTLoader.swift in Sources */,
				303BD405C19AB188BC411AB8 /* LensImperfectionFilter.swift in Sources */,
				68F9380039BC72E75A3AEE9D /* PresetStripView.swift in Sources */,
				D0D17EC85793714360B2C2E5 /* PreviewRenderer.swift in Sources */,
				9E28FD267110069D8F92B73E /* ProfileCatalog.swift in Sources */,
				ADD8218290D78F2235A270D2 /* ReferenceAnalyzer.swift in Sources */,
				30F6DE095AF3797DF056E4A5 /* SceneAnalyzer.swift in Sources */,
				B4A9565A5B7EE8AB65B4A826 /* ToneCurveFilter.swift in Sources */,
			);
			runOnlyForDeploymentPostprocessing = 0;
		};
/* End PBXSourcesBuildPhase section */

/* Begin XCBuildConfiguration section */
		6ABF9A5E201D4A19F66ED547 /* Release */ = {
			isa = XCBuildConfiguration;
			buildSettings = {
				ALWAYS_SEARCH_USER_PATHS = NO;
				CLANG_ANALYZER_NONNULL = YES;
				CLANG_ANALYZER_NUMBER_OBJECT_CONVERSION = YES_AGGRESSIVE;
				CLANG_CXX_LANGUAGE_STANDARD = "gnu++14";
				CLANG_CXX_LIBRARY = "libc++";
				CLANG_ENABLE_MODULES = YES;
				CLANG_ENABLE_OBJC_ARC = YES;
				CLANG_ENABLE_OBJC_WEAK = YES;
				CLANG_WARN_BLOCK_CAPTURE_AUTORELEASING = YES;
				CLANG_WARN_BOOL_CONVERSION = YES;
				CLANG_WARN_COMMA = YES;
				CLANG_WARN_CONSTANT_CONVERSION = YES;
				CLANG_WARN_DEPRECATED_OBJC_IMPLEMENTATIONS = YES;
				CLANG_WARN_DIRECT_OBJC_ISA_USAGE = YES_ERROR;
				CLANG_WARN_DOCUMENTATION_COMMENTS = YES;
				CLANG_WARN_EMPTY_BODY = YES;
				CLANG_WARN_ENUM_CONVERSION = YES;
				CLANG_WARN_INFINITE_RECURSION = YES;
				CLANG_WARN_INT_CONVERSION = YES;
				CLANG_WARN_NON_LITERAL_NULL_CONVERSION = YES;
				CLANG_WARN_OBJC_IMPLICIT_RETAIN_SELF = YES;
				CLANG_WARN_OBJC_LITERAL_CONVERSION = YES;
				CLANG_WARN_OBJC_ROOT_CLASS = YES_ERROR;
				CLANG_WARN_QUOTED_INCLUDE_IN_FRAMEWORK_HEADER = YES;
				CLANG_WARN_RANGE_LOOP_ANALYSIS = YES;
				CLANG_WARN_STRICT_PROTOTYPES = YES;
				CLANG_WARN_SUSPICIOUS_MOVE = YES;
				CLANG_WARN_UNGUARDED_AVAILABILITY = YES_AGGRESSIVE;
				CLANG_WARN_UNREACHABLE_CODE = YES;
				CLANG_WARN__DUPLICATE_METHOD_MATCH = YES;
				CODE_SIGN_IDENTITY = "Apple Development";
				CODE_SIGN_STYLE = Automatic;
				COPY_PHASE_STRIP = NO;
				CURRENT_PROJECT_VERSION = 1;
				DEBUG_INFORMATION_FORMAT = "dwarf-with-dsym";
				DEVELOPMENT_TEAM = H9GD4A7SQF;
				ENABLE_HARDENED_RUNTIME = YES;
				ENABLE_NS_ASSERTIONS = NO;
				ENABLE_STRICT_OBJC_MSGSEND = YES;
				GCC_C_LANGUAGE_STANDARD = gnu11;
				GCC_NO_COMMON_BLOCKS = YES;
				GCC_WARN_64_TO_32_BIT_CONVERSION = YES;
				GCC_WARN_ABOUT_RETURN_TYPE = YES_ERROR;
				GCC_WARN_UNDECLARED_SELECTOR = YES;
				GCC_WARN_UNINITIALIZED_AUTOS = YES_AGGRESSIVE;
				GCC_WARN_UNUSED_FUNCTION = YES;
				GCC_WARN_UNUSED_VARIABLE = YES;
				MACOSX_DEPLOYMENT_TARGET = 13.0;
				MARKETING_VERSION = 1.0.0;
				MTL_ENABLE_DEBUG_INFO = NO;
				MTL_FAST_MATH = YES;
				PRODUCT_BUNDLE_IDENTIFIER = com.tankywozere.FilmForge;
				PRODUCT_NAME = "$(TARGET_NAME)";
				SDKROOT = macosx;
				SWIFT_COMPILATION_MODE = wholemodule;
				SWIFT_OPTIMIZATION_LEVEL = "-O";
				SWIFT_VERSION = 5.0;
			};
			name = Release;
		};
		C97AD78780D6BAB5838B626A /* Debug */ = {
			isa = XCBuildConfiguration;
			buildSettings = {
				ASSETCATALOG_COMPILER_APPICON_NAME = "";
				COMBINE_HIDPI_IMAGES = YES;
				GENERATE_INFOPLIST_FILE = YES;
				INFOPLIST_KEY_CFBundleDisplayName = FilmForge;
				INFOPLIST_KEY_CFBundleIdentifier = com.tankywozere.FilmForge;
				INFOPLIST_KEY_CFBundleName = FilmForge;
				INFOPLIST_KEY_CFBundleShortVersionString = 1.0.0;
				INFOPLIST_KEY_CFBundleVersion = 1;
				INFOPLIST_KEY_LSApplicationCategoryType = "public.app-category.photography";
				INFOPLIST_KEY_NSHighResolutionCapable = YES;
				INFOPLIST_KEY_NSHumanReadableCopyright = "Copyright © 2026";
				LD_RUNPATH_SEARCH_PATHS = (
					"$(inherited)",
					"@executable_path/../Frameworks",
				);
				PRODUCT_MODULE_NAME = FilmForge;
				PRODUCT_NAME = FilmForge;
				SDKROOT = macosx;
			};
			name = Debug;
		};
		D0268E3674C10E28EB58DCF6 /* Debug */ = {
			isa = XCBuildConfiguration;
			buildSettings = {
				ALWAYS_SEARCH_USER_PATHS = NO;
				CLANG_ANALYZER_NONNULL = YES;
				CLANG_ANALYZER_NUMBER_OBJECT_CONVERSION = YES_AGGRESSIVE;
				CLANG_CXX_LANGUAGE_STANDARD = "gnu++14";
				CLANG_CXX_LIBRARY = "libc++";
				CLANG_ENABLE_MODULES = YES;
				CLANG_ENABLE_OBJC_ARC = YES;
				CLANG_ENABLE_OBJC_WEAK = YES;
				CLANG_WARN_BLOCK_CAPTURE_AUTORELEASING = YES;
				CLANG_WARN_BOOL_CONVERSION = YES;
				CLANG_WARN_COMMA = YES;
				CLANG_WARN_CONSTANT_CONVERSION = YES;
				CLANG_WARN_DEPRECATED_OBJC_IMPLEMENTATIONS = YES;
				CLANG_WARN_DIRECT_OBJC_ISA_USAGE = YES_ERROR;
				CLANG_WARN_DOCUMENTATION_COMMENTS = YES;
				CLANG_WARN_EMPTY_BODY = YES;
				CLANG_WARN_ENUM_CONVERSION = YES;
				CLANG_WARN_INFINITE_RECURSION = YES;
				CLANG_WARN_INT_CONVERSION = YES;
				CLANG_WARN_NON_LITERAL_NULL_CONVERSION = YES;
				CLANG_WARN_OBJC_IMPLICIT_RETAIN_SELF = YES;
				CLANG_WARN_OBJC_LITERAL_CONVERSION = YES;
				CLANG_WARN_OBJC_ROOT_CLASS = YES_ERROR;
				CLANG_WARN_QUOTED_INCLUDE_IN_FRAMEWORK_HEADER = YES;
				CLANG_WARN_RANGE_LOOP_ANALYSIS = YES;
				CLANG_WARN_STRICT_PROTOTYPES = YES;
				CLANG_WARN_SUSPICIOUS_MOVE = YES;
				CLANG_WARN_UNGUARDED_AVAILABILITY = YES_AGGRESSIVE;
				CLANG_WARN_UNREACHABLE_CODE = YES;
				CLANG_WARN__DUPLICATE_METHOD_MATCH = YES;
				CODE_SIGN_IDENTITY = "Apple Development";
				CODE_SIGN_STYLE = Automatic;
				COPY_PHASE_STRIP = NO;
				CURRENT_PROJECT_VERSION = 1;
				DEBUG_INFORMATION_FORMAT = dwarf;
				DEVELOPMENT_TEAM = H9GD4A7SQF;
				ENABLE_HARDENED_RUNTIME = YES;
				ENABLE_STRICT_OBJC_MSGSEND = YES;
				ENABLE_TESTABILITY = YES;
				GCC_C_LANGUAGE_STANDARD = gnu11;
				GCC_DYNAMIC_NO_PIC = NO;
				GCC_NO_COMMON_BLOCKS = YES;
				GCC_OPTIMIZATION_LEVEL = 0;
				GCC_PREPROCESSOR_DEFINITIONS = (
					"$(inherited)",
					"DEBUG=1",
				);
				GCC_WARN_64_TO_32_BIT_CONVERSION = YES;
				GCC_WARN_ABOUT_RETURN_TYPE = YES_ERROR;
				GCC_WARN_UNDECLARED_SELECTOR = YES;
				GCC_WARN_UNINITIALIZED_AUTOS = YES_AGGRESSIVE;
				GCC_WARN_UNUSED_FUNCTION = YES;
				GCC_WARN_UNUSED_VARIABLE = YES;
				MACOSX_DEPLOYMENT_TARGET = 13.0;
				MARKETING_VERSION = 1.0.0;
				MTL_ENABLE_DEBUG_INFO = INCLUDE_SOURCE;
				MTL_FAST_MATH = YES;
				ONLY_ACTIVE_ARCH = YES;
				PRODUCT_BUNDLE_IDENTIFIER = com.tankywozere.FilmForge;
				PRODUCT_NAME = "$(TARGET_NAME)";
				SDKROOT = macosx;
				SWIFT_ACTIVE_COMPILATION_CONDITIONS = DEBUG;
				SWIFT_OPTIMIZATION_LEVEL = "-Onone";
				SWIFT_VERSION = 5.0;
			};
			name = Debug;
		};
		F618377C0A95806C49EA55BD /* Release */ = {
			isa = XCBuildConfiguration;
			buildSettings = {
				ASSETCATALOG_COMPILER_APPICON_NAME = "";
				COMBINE_HIDPI_IMAGES = YES;
				GENERATE_INFOPLIST_FILE = YES;
				INFOPLIST_KEY_CFBundleDisplayName = FilmForge;
				INFOPLIST_KEY_CFBundleIdentifier = com.tankywozere.FilmForge;
				INFOPLIST_KEY_CFBundleName = FilmForge;
				INFOPLIST_KEY_CFBundleShortVersionString = 1.0.0;
				INFOPLIST_KEY_CFBundleVersion = 1;
				INFOPLIST_KEY_LSApplicationCategoryType = "public.app-category.photography";
				INFOPLIST_KEY_NSHighResolutionCapable = YES;
				INFOPLIST_KEY_NSHumanReadableCopyright = "Copyright © 2026";
				LD_RUNPATH_SEARCH_PATHS = (
					"$(inherited)",
					"@executable_path/../Frameworks",
				);
				PRODUCT_MODULE_NAME = FilmForge;
				PRODUCT_NAME = FilmForge;
				SDKROOT = macosx;
			};
			name = Release;
		};
/* End XCBuildConfiguration section */

/* Begin XCConfigurationList section */
		7FF9790EA952AA77C92D9FB5 /* Build configuration list for PBXNativeTarget "FilmForge" */ = {
			isa = XCConfigurationList;
			buildConfigurations = (
				C97AD78780D6BAB5838B626A /* Debug */,
				F618377C0A95806C49EA55BD /* Release */,
			);
			defaultConfigurationIsVisible = 0;
			defaultConfigurationName = Debug;
		};
		FB65595868A2ECF5F27053C8 /* Build configuration list for PBXProject "FilmForge" */ = {
			isa = XCConfigurationList;
			buildConfigurations = (
				D0268E3674C10E28EB58DCF6 /* Debug */,
				6ABF9A5E201D4A19F66ED547 /* Release */,
			);
			defaultConfigurationIsVisible = 0;
			defaultConfigurationName = Debug;
		};
/* End XCConfigurationList section */
	};
	rootObject = B1C5E3C63F8492CB32B1703D /* Project object */;
}
